
Microsoft Visual Studio Solution File, Format Version 12.00
# Visual Studio Version 17
VisualStudioVersion = 17.3.32811.315
MinimumVisualStudioVersion = 10.0.40219.1
Project("{FAE04EC0-301F-11D3-BF4B-00C04F79EFBC}") = "veckodagHalloween", "veckodagHalloween\veckodagHalloween.csproj", "{D0880CBD-12EE-4CEB-B370-7F6F7F437670}"
EndProject
Global
	GlobalSection(SolutionConfigurationPlatforms) = preSolution
		Debug|Any CPU = Debug|Any CPU
		Release|Any CPU = Release|Any CPU
	EndGlobalSection
	GlobalSection(ProjectConfigurationPlatforms) = postSolution
		{D0880CBD-12EE-4CEB-B370-7F6F7F437670}.Debug|Any CPU.ActiveCfg = Debug|Any CPU
		{D0880CBD-12EE-4CEB-B370-7F6F7F437670}.Debug|Any CPU.Build.0 = Debug|Any CPU
		{D0880CBD-12EE-4CEB-B370-7F6F7F437670}.Release|Any CPU.ActiveCfg = Release|Any CPU
		{D0880CBD-12EE-4CEB-B370-7F6F7F437670}.Release|Any CPU.Build.0 = Release|Any CPU
	EndGlobalSection
	GlobalSection(SolutionProperties) = preSolution
		HideSolutionNode = FALSE
	EndGlobalSection
	GlobalSection(ExtensibilityGlobals) = postSolution
		SolutionGuid = {90F48D5D-36C7-407C-936A-5A0EDF3EE052}
	EndGlobalSection
EndGlobal
